{
  "name": "@tetrasaas/auth",
  "version": "1.0.0",
  "lockfileVersion": 3,
  "requires": true,
  "packages": {
    "": {
      "name": "@tetrasaas/auth",
      "version": "1.0.0",
      "license": "MIT",
      "dependencies": {
        "@tetrasaas/database": "file:../database"
      },
      "engines": {
        "node": ">=18.0.0"
      }
    },
    "../database": {
      "name": "@tetrasaas/database",
      "version": "1.0.0",
      "license": "MIT",
      "engines": {
        "node": ">=18.0.0"
      }
    },
    "node_modules/@tetrasaas/database": {
      "resolved": "../database",
      "link": true
    }
  }
}
